# Generated by pub
# See https://dart.dev/tools/pub/glossary#lockfile
packages:
  _flutterfire_internals:
    dependency: transitive
    description:
      name: _flutterfire_internals
      sha256: "2f428053492f92303e42c9afa8e3a78ad1886760e7b594e2b5a6b6ee47376360"
      url: "https://pub.dev"
    source: hosted
    version: "1.0.2"
  args:
    dependency: transitive
    description:
      name: args
      sha256: b003c3098049a51720352d219b0bb5f219b60fbfb68e7a4748139a06a5676515
      url: "https://pub.dev"
    source: hosted
    version: "2.3.1"
  async:
    dependency: transitive
    description:
      name: async
      sha256: "271b8899fc99f9df4f4ed419fa14e2fff392c7b2c162fbb87b222e2e963ddc73"
      url: "https://pub.dev"
    source: hosted
    version: "2.9.0"
  bloc:
    dependency: transitive
    description:
      name: bloc
      sha256: bd4f8027bfa60d96c8046dec5ce74c463b2c918dce1b0d36593575995344534a
      url: "https://pub.dev"
    source: hosted
    version: "8.1.0"
  boolean_selector:
    dependency: transitive
    description:
      name: boolean_selector
      sha256: "5bbf32bc9e518d41ec49718e2931cd4527292c9b0c6d2dffcf7fe6b9a8a8cf72"
      url: "https://pub.dev"
    source: hosted
    version: "2.1.0"
  characters:
    dependency: transitive
    description:
      name: characters
      sha256: e6a326c8af69605aec75ed6c187d06b349707a27fbff8222ca9cc2cff167975c
      url: "https://pub.dev"
    source: hosted
    version: "1.2.1"
  clock:
    dependency: transitive
    description:
      name: clock
      sha256: cb6d7f03e1de671e34607e909a7213e31d7752be4fb66a86d29fe1eb14bfb5cf
      url: "https://pub.dev"
    source: hosted
    version: "1.1.1"
  cloud_firestore:
    dependency: "direct main"
    description:
      name: cloud_firestore
      sha256: "9194bf1845ee073bea64ec94e72c9dcf5d15f755e96496d8ccfee9def38b666f"
      url: "https://pub.dev"
    source: hosted
    version: "3.5.1"
  cloud_firestore_platform_interface:
    dependency: transitive
    description:
      name: cloud_firestore_platform_interface
      sha256: d023142c18c28b2610c23c196e829c96976569cc2aa2f8e45328ae8a64c428d1
      url: "https://pub.dev"
    source: hosted
    version: "5.7.7"
  cloud_firestore_web:
    dependency: transitive
    description:
      name: cloud_firestore_web
      sha256: "3d7d4fa8c1dc5a1f7cb33985ae0ab9924d33d76d4959fe26aed84b7d282887e3"
      url: "https://pub.dev"
    source: hosted
    version: "2.8.10"
  collection:
    dependency: transitive
    description:
      name: collection
      sha256: cfc915e6923fe5ce6e153b0723c753045de46de1b4d63771530504004a45fae0
      url: "https://pub.dev"
    source: hosted
    version: "1.17.0"
  cross_file:
    dependency: transitive
    description:
      name: cross_file
      sha256: f71079978789bc2fe78d79227f1f8cfe195b31bbd8db2399b0d15a4b96fb843b
      url: "https://pub.dev"
    source: hosted
    version: "0.3.3+2"
  cupertino_icons:
    dependency: "direct main"
    description:
      name: cupertino_icons
      sha256: e35129dc44c9118cee2a5603506d823bab99c68393879edb440e0090d07586be
      url: "https://pub.dev"
    source: hosted
    version: "1.0.5"
  curved_navigation_bar:
    dependency: "direct main"
    description:
      name: curved_navigation_bar
      sha256: ea6412d00c5d83501bbf1cf9d1ac2ff11a20fbaf910c103c95ace7de82910334
      url: "https://pub.dev"
    source: hosted
    version: "1.0.3"
  dbus:
    dependency: transitive
    description:
      name: dbus
      sha256: "6f07cba3f7b3448d42d015bfd3d53fe12e5b36da2423f23838efc1d5fb31a263"
      url: "https://pub.dev"
    source: hosted
    version: "0.7.8"
  equatable:
    dependency: "direct main"
    description:
      name: equatable
      sha256: c2b87cb7756efdf69892005af546c56c0b5037f54d2a88269b4f347a505e3ca2
      url: "https://pub.dev"
    source: hosted
    version: "2.0.5"
  fake_async:
    dependency: transitive
    description:
      name: fake_async
      sha256: "511392330127add0b769b75a987850d136345d9227c6b94c96a04cf4a391bf78"
      url: "https://pub.dev"
    source: hosted
    version: "1.3.1"
  ffi:
    dependency: transitive
    description:
      name: ffi
      sha256: a38574032c5f1dd06c4aee541789906c12ccaab8ba01446e800d9c5b79c4a978
      url: "https://pub.dev"
    source: hosted
    version: "2.0.1"
  file:
    dependency: transitive
    description:
      name: file
      sha256: "1b92bec4fc2a72f59a8e15af5f52cd441e4a7860b49499d69dfa817af20e925d"
      url: "https://pub.dev"
    source: hosted
    version: "6.1.4"
  firebase_analytics:
    dependency: "direct main"
    description:
      name: firebase_analytics
      sha256: "5e277bfb0ffa57a7f0935f6e6f529fcdaf27d65f195d50e5b2bc4a38a2fc00ae"
      url: "https://pub.dev"
    source: hosted
    version: "9.3.8"
  firebase_analytics_platform_interface:
    dependency: transitive
    description:
      name: firebase_analytics_platform_interface
      sha256: "52c9bd117e2468059381aa20269f3df7362b26ee52fb24c8671cda30ea85ac53"
      url: "https://pub.dev"
    source: hosted
    version: "3.3.7"
  firebase_analytics_web:
    dependency: transitive
    description:
      name: firebase_analytics_web
      sha256: ff1aee3a05f34f5c8f8c21a0470441c66958a509f96ccca17fdedaced141768e
      url: "https://pub.dev"
    source: hosted
    version: "0.4.2+7"
  firebase_auth:
    dependency: "direct main"
    description:
      name: firebase_auth
      sha256: ca3034d35d6ca894487ec80aa1162a135fef7c5d0abef8154789cbeea3a6deaf
      url: "https://pub.dev"
    source: hosted
    version: "3.11.2"
  firebase_auth_platform_interface:
    dependency: transitive
    description:
      name: firebase_auth_platform_interface
      sha256: ab20ecbc411726e139250a49fa03fe1ae0105fd990c5330b2a148ec08dfb140b
      url: "https://pub.dev"
    source: hosted
    version: "6.10.1"
  firebase_auth_web:
    dependency: transitive
    description:
      name: firebase_auth_web
      sha256: bbe4f4fffcc378ca05c3d8ff33853be86dd27d0fafc85a953acaf5190531b6f9
      url: "https://pub.dev"
    source: hosted
    version: "4.6.1"
  firebase_core:
    dependency: "direct main"
    description:
      name: firebase_core
      sha256: "4f1d7c13a909e82ff026679c9b8493cdeb35a9c76bc46c42bf9e2240c9e57e80"
      url: "https://pub.dev"
    source: hosted
    version: "1.24.0"
  firebase_core_platform_interface:
    dependency: "direct main"
    description:
      name: firebase_core_platform_interface
      sha256: b51257a8b4388565cd66062d727d3e60067b5f5cc3390eb0ecd20b8f97741bdb
      url: "https://pub.dev"
    source: hosted
    version: "4.5.1"
  firebase_core_web:
    dependency: transitive
    description:
      name: firebase_core_web
      sha256: "839f1b48032a61962792cea1225fae030d4f27163867f181d6d2072dd40acbee"
      url: "https://pub.dev"
    source: hosted
    version: "1.7.3"
  firebase_messaging:
    dependency: "direct main"
    description:
      name: firebase_messaging
      sha256: "6126f8f6f3bba6e3ffff05300711615c388eb31e0a7431cebe5514f6572cbdff"
      url: "https://pub.dev"
    source: hosted
    version: "13.1.0"
  firebase_messaging_platform_interface:
    dependency: transitive
    description:
      name: firebase_messaging_platform_interface
      sha256: "71f120e8b405a172cb0088a2cd62fd8b77be0f0c942a5bda411b80268c1702f8"
      url: "https://pub.dev"
    source: hosted
    version: "4.2.0"
  firebase_messaging_web:
    dependency: transitive
    description:
      name: firebase_messaging_web
      sha256: b7c5e019c4ecf3a512c4a0f00a4a9c1f260eb11872380a91f35983387488ce94
      url: "https://pub.dev"
    source: hosted
    version: "3.2.0"
  firebase_storage:
    dependency: "direct main"
    description:
      name: firebase_storage
      sha256: "1fe46462c9632db0f62db5b9f1abcb8d4232a6d3e7098d745f5790b71dedc822"
      url: "https://pub.dev"
    source: hosted
    version: "10.3.11"
  firebase_storage_platform_interface:
    dependency: transitive
    description:
      name: firebase_storage_platform_interface
      sha256: a4a1bed8764baf9b6d377d9870ebb2c65e13a38bc813cfaaf0ac2a37d422bcdd
      url: "https://pub.dev"
    source: hosted
    version: "4.1.19"
  firebase_storage_web:
    dependency: transitive
    description:
      name: firebase_storage_web
      sha256: "791516c9170ab6643282807913cf89ebb950d66206eb92ed154a847438047587"
      url: "https://pub.dev"
    source: hosted
    version: "3.3.9"
  flutter:
    dependency: "direct main"
    description: flutter
    source: sdk
    version: "0.0.0"
  flutter_auth:
    dependency: "direct main"
    description:
      name: flutter_auth
      sha256: c8b60beae194b147718e3018a9321a87467b468152dc2bb6de3678898a717f65
      url: "https://pub.dev"
    source: hosted
    version: "0.0.1"
  flutter_bloc:
    dependency: "direct main"
    description:
      name: flutter_bloc
      sha256: "890c51c8007f0182360e523518a0c732efb89876cb4669307af7efada5b55557"
      url: "https://pub.dev"
    source: hosted
    version: "8.1.1"
  flutter_lints:
    dependency: "direct dev"
    description:
      name: flutter_lints
      sha256: aeb0b80a8b3709709c9cc496cdc027c5b3216796bc0af0ce1007eaf24464fd4c
      url: "https://pub.dev"
    source: hosted
    version: "2.0.1"
  flutter_local_notifications:
    dependency: "direct main"
    description:
      name: flutter_local_notifications
      sha256: cedf4e951062e1195cef94f53be4b274fa617a6b65a37cc38e808d8dc3261bed
      url: "https://pub.dev"
    source: hosted
    version: "12.0.3"
  flutter_local_notifications_linux:
    dependency: transitive
    description:
      name: flutter_local_notifications_linux
      sha256: "3c6d6db334f609a92be0c0915f40871ec56f5d2adf01e77ae364162c587c0ca8"
      url: "https://pub.dev"
    source: hosted
    version: "2.0.0"
  flutter_local_notifications_platform_interface:
    dependency: transitive
    description:
      name: flutter_local_notifications_platform_interface
      sha256: "5ec1feac5f7f7d9266759488bc5f76416152baba9aa1b26fe572246caa00d1ab"
      url: "https://pub.dev"
    source: hosted
    version: "6.0.0"
  flutter_localizations:
    dependency: "direct main"
    description: flutter
    source: sdk
    version: "0.0.0"
  flutter_plugin_android_lifecycle:
    dependency: transitive
    description:
      name: flutter_plugin_android_lifecycle
      sha256: "60fc7b78455b94e6de2333d2f95196d32cf5c22f4b0b0520a628804cb463503b"
      url: "https://pub.dev"
    source: hosted
    version: "2.0.7"
  flutter_rating_bar:
    dependency: "direct main"
    description:
      name: flutter_rating_bar
      sha256: d2af03469eac832c591a1eba47c91ecc871fe5708e69967073c043b2d775ed93
      url: "https://pub.dev"
    source: hosted
    version: "4.0.1"
  flutter_spinkit:
    dependency: "direct main"
    description:
      name: flutter_spinkit
      sha256: "77a2117c0517ff909221f3160b8eb20052ab5216107581168af574ac1f05dff8"
      url: "https://pub.dev"
    source: hosted
    version: "5.1.0"
  flutter_stripe:
    dependency: "direct main"
    description:
      name: flutter_stripe
      sha256: "1527f3364e9c08332f677d56b6b0a8cdf35bb1446b316dc96eb34045f8651f98"
      url: "https://pub.dev"
    source: hosted
    version: "5.1.0"
  flutter_test:
    dependency: "direct dev"
    description: flutter
    source: sdk
    version: "0.0.0"
  flutter_web_plugins:
    dependency: transitive
    description: flutter
    source: sdk
    version: "0.0.0"
  fluttertoast:
    dependency: "direct main"
    description:
      name: fluttertoast
      sha256: "7a738eddad04c7b27a1ecfecd12e8ecd4b188cdd2d91c252a02a4aba65838c9d"
      url: "https://pub.dev"
    source: hosted
    version: "8.1.1"
  freezed_annotation:
    dependency: transitive
    description:
      name: freezed_annotation
      sha256: aeac15850ef1b38ee368d4c53ba9a847e900bb2c53a4db3f6881cbb3cb684338
      url: "https://pub.dev"
    source: hosted
    version: "2.2.0"
  get:
    dependency: "direct main"
    description:
      name: get
      sha256: "2ba20a47c8f1f233bed775ba2dd0d3ac97b4cf32fc17731b3dfc672b06b0e92a"
      url: "https://pub.dev"
    source: hosted
    version: "4.6.5"
  http:
    dependency: "direct main"
    description:
      name: http
      sha256: "6aa2946395183537c8b880962d935877325d6a09a2867c3970c05c0fed6ac482"
      url: "https://pub.dev"
    source: hosted
    version: "0.13.5"
  http_parser:
    dependency: transitive
    description:
      name: http_parser
      sha256: "2aa08ce0341cc9b354a498388e30986515406668dbcc4f7c950c3e715496693b"
      url: "https://pub.dev"
    source: hosted
    version: "4.0.2"
  image_picker:
    dependency: "direct main"
    description:
      name: image_picker
      sha256: a8f2f0aed50c03230ab37e93ca2905c50b6c4097245345956eb24a88f45328cd
      url: "https://pub.dev"
    source: hosted
    version: "0.8.6"
  image_picker_android:
    dependency: transitive
    description:
      name: image_picker_android
      sha256: "822f71a53336bf1e638dbf955047080ca49ba0197f52c4fece9cf584c368648a"
      url: "https://pub.dev"
    source: hosted
    version: "0.8.5+3"
  image_picker_for_web:
    dependency: transitive
    description:
      name: image_picker_for_web
      sha256: "7d319fb74955ca46d9bf7011497860e3923bb67feebcf068f489311065863899"
      url: "https://pub.dev"
    source: hosted
    version: "2.1.10"
  image_picker_ios:
    dependency: transitive
    description:
      name: image_picker_ios
      sha256: "1768087441bd69ca632249d212c26fa8d530552d37b4896a4dd8d6781435c147"
      url: "https://pub.dev"
    source: hosted
    version: "0.8.6+1"
  image_picker_platform_interface:
    dependency: transitive
    description:
      name: image_picker_platform_interface
      sha256: "7cef2f28f4f2fef99180f636c3d446b4ccbafd6ba0fad2adc9a80c4040f656b8"
      url: "https://pub.dev"
    source: hosted
    version: "2.6.2"
  intl:
    dependency: "direct main"
    description:
      name: intl
      sha256: "910f85bce16fb5c6f614e117efa303e85a1731bb0081edf3604a2ae6e9a3cc91"
      url: "https://pub.dev"
    source: hosted
    version: "0.17.0"
  js:
    dependency: transitive
    description:
      name: js
      sha256: "5528c2f391ededb7775ec1daa69e65a2d61276f7552de2b5f7b8d34ee9fd4ab7"
      url: "https://pub.dev"
    source: hosted
    version: "0.6.5"
  json_annotation:
    dependency: transitive
    description:
      name: json_annotation
      sha256: "3520fa844009431b5d4491a5a778603520cdc399ab3406332dcc50f93547258c"
      url: "https://pub.dev"
    source: hosted
    version: "4.7.0"
  lints:
    dependency: transitive
    description:
      name: lints
      sha256: "5e4a9cd06d447758280a8ac2405101e0e2094d2a1dbdd3756aec3fe7775ba593"
      url: "https://pub.dev"
    source: hosted
    version: "2.0.1"
  matcher:
    dependency: transitive
    description:
      name: matcher
      sha256: "80c2989398773fa06e2457e9ff08580f24e9858b28462a722241cb53e5613478"
      url: "https://pub.dev"
    source: hosted
    version: "0.12.12"
  material_color_utilities:
    dependency: transitive
    description:
      name: material_color_utilities
      sha256: d92141dc6fe1dad30722f9aa826c7fbc896d021d792f80678280601aff8cf724
      url: "https://pub.dev"
    source: hosted
    version: "0.2.0"
  meta:
    dependency: transitive
    description:
      name: meta
      sha256: "6c268b42ed578a53088d834796959e4a1814b5e9e164f147f580a386e5decf42"
      url: "https://pub.dev"
    source: hosted
    version: "1.8.0"
  nested:
    dependency: transitive
    description:
      name: nested
      sha256: "03bac4c528c64c95c722ec99280375a6f2fc708eec17c7b3f07253b626cd2a20"
      url: "https://pub.dev"
    source: hosted
    version: "1.0.0"
  overlay_support:
    dependency: "direct main"
    description:
      name: overlay_support
      sha256: c209c4e01f506dca55352690f0c842d93e9c025b7ba6b2e9048ef5c75230467a
      url: "https://pub.dev"
    source: hosted
    version: "2.0.1"
  path:
    dependency: transitive
    description:
      name: path
      sha256: db9d4f58c908a4ba5953fcee2ae317c94889433e5024c27ce74a37f94267945b
      url: "https://pub.dev"
    source: hosted
    version: "1.8.2"
  petitparser:
    dependency: transitive
    description:
      name: petitparser
      sha256: "49392a45ced973e8d94a85fdb21293fbb40ba805fc49f2965101ae748a3683b4"
      url: "https://pub.dev"
    source: hosted
    version: "5.1.0"
  platform:
    dependency: transitive
    description:
      name: platform
      sha256: "4a451831508d7d6ca779f7ac6e212b4023dd5a7d08a27a63da33756410e32b76"
      url: "https://pub.dev"
    source: hosted
    version: "3.1.0"
  plugin_platform_interface:
    dependency: transitive
    description:
      name: plugin_platform_interface
      sha256: dbf0f707c78beedc9200146ad3cb0ab4d5da13c246336987be6940f026500d3a
      url: "https://pub.dev"
    source: hosted
    version: "2.1.3"
  process:
    dependency: transitive
    description:
      name: process
      sha256: "53fd8db9cec1d37b0574e12f07520d582019cb6c44abf5479a01505099a34a09"
      url: "https://pub.dev"
    source: hosted
    version: "4.2.4"
  provider:
    dependency: transitive
    description:
      name: provider
      sha256: e1e7413d70444ea3096815a60fe5da1b11bda8a9dc4769252cc82c53536f8bcc
      url: "https://pub.dev"
    source: hosted
    version: "6.0.4"
  rating_dialog:
    dependency: "direct main"
    description:
      name: rating_dialog
      sha256: "4856ba266c255081f05c57148345ea13f0d86c4049859d66e14c47e2ab1f90d3"
      url: "https://pub.dev"
    source: hosted
    version: "2.0.4"
  sky_engine:
    dependency: transitive
    description: flutter
    source: sdk
    version: "0.0.99"
  source_span:
    dependency: transitive
    description:
      name: source_span
      sha256: dd904f795d4b4f3b870833847c461801f6750a9fa8e61ea5ac53f9422b31f250
      url: "https://pub.dev"
    source: hosted
    version: "1.9.1"
  stack_trace:
    dependency: transitive
    description:
      name: stack_trace
      sha256: c3c7d8edb15bee7f0f74debd4b9c5f3c2ea86766fe4178eb2a18eb30a0bdaed5
      url: "https://pub.dev"
    source: hosted
    version: "1.11.0"
  stream_channel:
    dependency: transitive
    description:
      name: stream_channel
      sha256: "83615bee9045c1d322bbbd1ba209b7a749c2cbcdcb3fdd1df8eb488b3279c1c8"
      url: "https://pub.dev"
    source: hosted
    version: "2.1.1"
  string_scanner:
    dependency: transitive
    description:
      name: string_scanner
      sha256: "862015c5db1f3f3c4ea3b94dc2490363a84262994b88902315ed74be1155612f"
      url: "https://pub.dev"
    source: hosted
    version: "1.1.1"
  stripe_android:
    dependency: transitive
    description:
      name: stripe_android
      sha256: "253277fea13925fa170b4dbd906dfaf07b8fc8ac41fe2a971ff7843c1385910d"
      url: "https://pub.dev"
    source: hosted
    version: "5.1.0"
  stripe_ios:
    dependency: transitive
    description:
      name: stripe_ios
      sha256: a9e7ac83d1107de431e91221e19c5d2cd0c4e6fc30f14418df963355b4c69dd0
      url: "https://pub.dev"
    source: hosted
    version: "5.1.0"
  stripe_platform_interface:
    dependency: transitive
    description:
      name: stripe_platform_interface
      sha256: "20dacfeb04d65b149cfaa88a686e7151b494f7dce1e5baf5a21ca71b5bb21eea"
      url: "https://pub.dev"
    source: hosted
    version: "5.1.0"
  term_glyph:
    dependency: transitive
    description:
      name: term_glyph
      sha256: a29248a84fbb7c79282b40b8c72a1209db169a2e0542bce341da992fe1bc7e84
      url: "https://pub.dev"
    source: hosted
    version: "1.2.1"
  test_api:
    dependency: transitive
    description:
      name: test_api
      sha256: ceeddf59d613e862e77f4b506cfc2945ac9637ce0b4c00f4f4c1ac639f3e9731
      url: "https://pub.dev"
    source: hosted
    version: "0.4.14"
  timezone:
    dependency: transitive
    description:
      name: timezone
      sha256: "2e59efc48e9f684c327c0498ac0b81411aee18b10c82f2db2c08f7f052493569"
      url: "https://pub.dev"
    source: hosted
    version: "0.9.0"
  typed_data:
    dependency: transitive
    description:
      name: typed_data
      sha256: "26f87ade979c47a150c9eaab93ccd2bebe70a27dc0b4b29517f2904f04eb11a5"
      url: "https://pub.dev"
    source: hosted
    version: "1.3.1"
  vector_math:
    dependency: transitive
    description:
      name: vector_math
      sha256: "80b3257d1492ce4d091729e3a67a60407d227c27241d6927be0130c98e741803"
      url: "https://pub.dev"
    source: hosted
    version: "2.1.4"
  xdg_directories:
    dependency: transitive
    description:
      name: xdg_directories
      sha256: "11541eedefbcaec9de35aa82650b695297ce668662bbd6e3911a7fabdbde589f"
      url: "https://pub.dev"
    source: hosted
    version: "0.2.0+2"
  xml:
    dependency: transitive
    description:
      name: xml
      sha256: "1a235945f0831980f690291fe7744e440d73acb20fc18b923cea373f391a2837"
      url: "https://pub.dev"
    source: hosted
    version: "6.2.0"
sdks:
  dart: ">=2.18.0 <3.0.0"
  flutter: ">=2.10.0"
